
Microsoft Visual Studio Solution File, Format Version 12.00
# Visual Studio Version 16
VisualStudioVersion = 16.0.30225.117
MinimumVisualStudioVersion = 10.0.40219.1
Project("{FAE04EC0-301F-11D3-BF4B-00C04F79EFBC}") = "Casos prueba visual", "Casos prueba visual.csproj", "{DFB69E56-7CFB-45DA-9A9E-77076D086138}"
EndProject
Global
	GlobalSection(SolutionConfigurationPlatforms) = preSolution
		Debug|Any CPU = Debug|Any CPU
		Release|Any CPU = Release|Any CPU
	EndGlobalSection
	GlobalSection(ProjectConfigurationPlatforms) = postSolution
		{DFB69E56-7CFB-45DA-9A9E-77076D086138}.Debug|Any CPU.ActiveCfg = Debug|Any CPU
		{DFB69E56-7CFB-45DA-9A9E-77076D086138}.Debug|Any CPU.Build.0 = Debug|Any CPU
		{DFB69E56-7CFB-45DA-9A9E-77076D086138}.Release|Any CPU.ActiveCfg = Release|Any CPU
		{DFB69E56-7CFB-45DA-9A9E-77076D086138}.Release|Any CPU.Build.0 = Release|Any CPU
	EndGlobalSection
	GlobalSection(SolutionProperties) = preSolution
		HideSolutionNode = FALSE
	EndGlobalSection
	GlobalSection(ExtensibilityGlobals) = postSolution
		SolutionGuid = {CDD34CD9-1CC8-48D6-8FB5-4A6F7C2AB6F1}
	EndGlobalSection
EndGlobal
